Microsoft Visual Studio Solution File, Format Version 12.00
# Visual Studio Version 17
VisualStudioVersion = 17.5.2.0
MinimumVisualStudioVersion = 10.0.40219.1
Project("{2150E333-8FDC-42A3-9474-1A3956D46DE8}") = "desktop", "desktop", "{7A1224A0-F22D-34FF-DE0A-A058FAFFD90C}"
EndProject
Project("{FAE04EC0-301F-11D3-BF4B-00C04F79EFBC}") = "MindVault.Desktop", "desktop\MindVault.Desktop.csproj", "{A32A47D7-A6A4-1579-3769-C95FBF31F039}"
EndProject
Global
	GlobalSection(SolutionConfigurationPlatforms) = preSolution
		Debug|Any CPU = Debug|Any CPU
		Release|Any CPU = Release|Any CPU
	EndGlobalSection
	GlobalSection(ProjectConfigurationPlatforms) = postSolution
		{A32A47D7-A6A4-1579-3769-C95FBF31F039}.Debug|Any CPU.ActiveCfg = Debug|Any CPU
		{A32A47D7-A6A4-1579-3769-C95FBF31F039}.Debug|Any CPU.Build.0 = Debug|Any CPU
		{A32A47D7-A6A4-1579-3769-C95FBF31F039}.Release|Any CPU.ActiveCfg = Release|Any CPU
		{A32A47D7-A6A4-1579-3769-C95FBF31F039}.Release|Any CPU.Build.0 = Release|Any CPU
	EndGlobalSection
	GlobalSection(SolutionProperties) = preSolution
		HideSolutionNode = FALSE
	EndGlobalSection
	GlobalSection(NestedProjects) = preSolution
		{A32A47D7-A6A4-1579-3769-C95FBF31F039} = {7A1224A0-F22D-34FF-DE0A-A058FAFFD90C}
	EndGlobalSection
	GlobalSection(ExtensibilityGlobals) = postSolution
		SolutionGuid = {2DACFEE5-2FC6-4B5D-A911-FBCF030E19DF}
	EndGlobalSection
EndGlobal
